
Microsoft Visual Studio Solution File, Format Version 12.00
# Visual Studio Version 17
VisualStudioVersion = 17.5.002.0
MinimumVisualStudioVersion = 10.0.40219.1
Project("{9A19103F-16F7-4668-BE54-9A1E7A4F7556}") = "Bridge", "Bridge.csproj", "{B96468DE-A1EC-420C-82E0-F8E82BC690FF}"
EndProject
Global
	GlobalSection(SolutionConfigurationPlatforms) = preSolution
		Debug|Any CPU = Debug|Any CPU
		Release|Any CPU = Release|Any CPU
	EndGlobalSection
	GlobalSection(ProjectConfigurationPlatforms) = postSolution
		{B96468DE-A1EC-420C-82E0-F8E82BC690FF}.Debug|Any CPU.ActiveCfg = Debug|Any CPU
		{B96468DE-A1EC-420C-82E0-F8E82BC690FF}.Debug|Any CPU.Build.0 = Debug|Any CPU
		{B96468DE-A1EC-420C-82E0-F8E82BC690FF}.Release|Any CPU.ActiveCfg = Release|Any CPU
		{B96468DE-A1EC-420C-82E0-F8E82BC690FF}.Release|Any CPU.Build.0 = Release|Any CPU
	EndGlobalSection
	GlobalSection(SolutionProperties) = preSolution
		HideSolutionNode = FALSE
	EndGlobalSection
	GlobalSection(ExtensibilityGlobals) = postSolution
		SolutionGuid = {BCCCC910-0E2E-4A8F-8ABE-C7E80B2BDB87}
	EndGlobalSection
EndGlobal
